Microsoft Visual Studio Solution File, Format Version 12.00
# Visual Studio Version 17
VisualStudioVersion = 17.0.31903.59
MinimumVisualStudioVersion = 10.0.40219.1
Project("{FAE04EC0-301F-11D3-BF4B-00C04F79EFBC}") = "WaveSlate.Security", "src\WaveSlate.Security\WaveSlate.Security.csproj", "{7B692591-DA09-4A75-8293-0C365FB19BF8}"
EndProject
Project("{FAE04EC0-301F-11D3-BF4B-00C04F79EFBC}") = "WaveSlate.App", "src\WaveSlate.App\WaveSlate.App.csproj", "{1EA7DF59-7714-4454-9AEF-7C56371609CB}"
EndProject
Project("{FAE04EC0-301F-11D3-BF4B-00C04F79EFBC}") = "WaveSlate.RemoteAssist", "src\WaveSlate.RemoteAssist\WaveSlate.RemoteAssist.csproj", "{F3C4B2D1-83A5-4C6D-9E7F-1029384756AB}"
EndProject
Project("{FAE04EC0-301F-11D3-BF4B-00C04F79EFBC}") = "WaveSlate.Security.Tests", "tests\WaveSlate.Security.Tests\WaveSlate.Security.Tests.csproj", "{43D8F0B8-5D44-4A38-AE4E-7D92DF6080E3}"
EndProject
Project("{FAE04EC0-301F-11D3-BF4B-00C04F79EFBC}") = "WaveSlate.Security.SupplyChain.Tests", "tests\WaveSlate.Security.SupplyChain.Tests\WaveSlate.Security.SupplyChain.Tests.csproj", "{AB66E472-D502-4C9C-8651-FD30420D0459}"
EndProject
Global
	GlobalSection(SolutionConfigurationPlatforms) = preSolution
		Debug|Any CPU = Debug|Any CPU
		Release|Any CPU = Release|Any CPU
	EndGlobalSection
	GlobalSection(ProjectConfigurationPlatforms) = postSolution
		{7B692591-DA09-4A75-8293-0C365FB19BF8}.Debug|Any CPU.ActiveCfg = Debug|Any CPU
		{7B692591-DA09-4A75-8293-0C365FB19BF8}.Debug|Any CPU.Build.0 = Debug|Any CPU
		{7B692591-DA09-4A75-8293-0C365FB19BF8}.Release|Any CPU.ActiveCfg = Release|Any CPU
		{7B692591-DA09-4A75-8293-0C365FB19BF8}.Release|Any CPU.Build.0 = Release|Any CPU
		{1EA7DF59-7714-4454-9AEF-7C56371609CB}.Debug|Any CPU.ActiveCfg = Debug|Any CPU
		{1EA7DF59-7714-4454-9AEF-7C56371609CB}.Debug|Any CPU.Build.0 = Debug|Any CPU
		{1EA7DF59-7714-4454-9AEF-7C56371609CB}.Release|Any CPU.ActiveCfg = Release|Any CPU
		{1EA7DF59-7714-4454-9AEF-7C56371609CB}.Release|Any CPU.Build.0 = Release|Any CPU
		{F3C4B2D1-83A5-4C6D-9E7F-1029384756AB}.Debug|Any CPU.ActiveCfg = Debug|Any CPU
		{F3C4B2D1-83A5-4C6D-9E7F-1029384756AB}.Debug|Any CPU.Build.0 = Debug|Any CPU
		{F3C4B2D1-83A5-4C6D-9E7F-1029384756AB}.Release|Any CPU.ActiveCfg = Release|Any CPU
		{F3C4B2D1-83A5-4C6D-9E7F-1029384756AB}.Release|Any CPU.Build.0 = Release|Any CPU
		{43D8F0B8-5D44-4A38-AE4E-7D92DF6080E3}.Debug|Any CPU.ActiveCfg = Debug|Any CPU
		{43D8F0B8-5D44-4A38-AE4E-7D92DF6080E3}.Debug|Any CPU.Build.0 = Debug|Any CPU
		{43D8F0B8-5D44-4A38-AE4E-7D92DF6080E3}.Release|Any CPU.ActiveCfg = Release|Any CPU
		{43D8F0B8-5D44-4A38-AE4E-7D92DF6080E3}.Release|Any CPU.Build.0 = Release|Any CPU
		{AB66E472-D502-4C9C-8651-FD30420D0459}.Debug|Any CPU.ActiveCfg = Debug|Any CPU
		{AB66E472-D502-4C9C-8651-FD30420D0459}.Debug|Any CPU.Build.0 = Debug|Any CPU
		{AB66E472-D502-4C9C-8651-FD30420D0459}.Release|Any CPU.ActiveCfg = Release|Any CPU
		{AB66E472-D502-4C9C-8651-FD30420D0459}.Release|Any CPU.Build.0 = Release|Any CPU
	EndGlobalSection
EndGlobal
